
Microsoft Visual Studio Solution File, Format Version 12.00
# Visual Studio Version 16
VisualStudioVersion = 16.0.31911.196
MinimumVisualStudioVersion = 10.0.40219.1
Project("{FAE04EC0-301F-11D3-BF4B-00C04F79EFBC}") = "linko", "linko\linko.csproj", "{22354704-DC0C-47DF-8427-03388F9A6B46}"
EndProject
Global
	GlobalSection(SolutionConfigurationPlatforms) = preSolution
		Debug|Any CPU = Debug|Any CPU
		Release|Any CPU = Release|Any CPU
	EndGlobalSection
	GlobalSection(ProjectConfigurationPlatforms) = postSolution
		{22354704-DC0C-47DF-8427-03388F9A6B46}.Debug|Any CPU.ActiveCfg = Debug|Any CPU
		{22354704-DC0C-47DF-8427-03388F9A6B46}.Debug|Any CPU.Build.0 = Debug|Any CPU
		{22354704-DC0C-47DF-8427-03388F9A6B46}.Release|Any CPU.ActiveCfg = Release|Any CPU
		{22354704-DC0C-47DF-8427-03388F9A6B46}.Release|Any CPU.Build.0 = Release|Any CPU
	EndGlobalSection
	GlobalSection(SolutionProperties) = preSolution
		HideSolutionNode = FALSE
	EndGlobalSection
	GlobalSection(ExtensibilityGlobals) = postSolution
		SolutionGuid = {E34C9940-A531-45BC-A1A0-783BC9B71D94}
	EndGlobalSection
EndGlobal
